
Microsoft Visual Studio Solution File, Format Version 12.00
# Visual Studio Version 17
VisualStudioVersion = 17.0.31919.166
MinimumVisualStudioVersion = 10.0.40219.1
Project("{9A19103F-16F7-4668-BE54-9A1E7A4F7556}") = "Upheads.DesignPattern.Library", "Upheads.DesignPattern.Library\Upheads.DesignPattern.Library.csproj", "{1760F274-C11D-47D6-9899-8BAF463E3A7B}"
EndProject
Project("{9A19103F-16F7-4668-BE54-9A1E7A4F7556}") = "Upheads.DesignPattern.BuildingBlocks", "Upheads.DesignPattern.BuildingBlocks\Upheads.DesignPattern.BuildingBlocks.csproj", "{02BA70DE-4818-47E1-907C-8AF15A988E49}"
EndProject
Project("{9A19103F-16F7-4668-BE54-9A1E7A4F7556}") = "Upheads.DesignPattern.Console", "Upheads.DesignPattern.Console\Upheads.DesignPattern.Console.csproj", "{128CE548-3211-4FE7-B3D3-45F592B5259E}"
EndProject
Global
	GlobalSection(SolutionConfigurationPlatforms) = preSolution
		Debug|Any CPU = Debug|Any CPU
		Release|Any CPU = Release|Any CPU
	EndGlobalSection
	GlobalSection(ProjectConfigurationPlatforms) = postSolution
		{1760F274-C11D-47D6-9899-8BAF463E3A7B}.Debug|Any CPU.ActiveCfg = Debug|Any CPU
		{1760F274-C11D-47D6-9899-8BAF463E3A7B}.Debug|Any CPU.Build.0 = Debug|Any CPU
		{1760F274-C11D-47D6-9899-8BAF463E3A7B}.Release|Any CPU.ActiveCfg = Release|Any CPU
		{1760F274-C11D-47D6-9899-8BAF463E3A7B}.Release|Any CPU.Build.0 = Release|Any CPU
		{02BA70DE-4818-47E1-907C-8AF15A988E49}.Debug|Any CPU.ActiveCfg = Debug|Any CPU
		{02BA70DE-4818-47E1-907C-8AF15A988E49}.Debug|Any CPU.Build.0 = Debug|Any CPU
		{02BA70DE-4818-47E1-907C-8AF15A988E49}.Release|Any CPU.ActiveCfg = Release|Any CPU
		{02BA70DE-4818-47E1-907C-8AF15A988E49}.Release|Any CPU.Build.0 = Release|Any CPU
		{128CE548-3211-4FE7-B3D3-45F592B5259E}.Debug|Any CPU.ActiveCfg = Debug|Any CPU
		{128CE548-3211-4FE7-B3D3-45F592B5259E}.Debug|Any CPU.Build.0 = Debug|Any CPU
		{128CE548-3211-4FE7-B3D3-45F592B5259E}.Release|Any CPU.ActiveCfg = Release|Any CPU
		{128CE548-3211-4FE7-B3D3-45F592B5259E}.Release|Any CPU.Build.0 = Release|Any CPU
	EndGlobalSection
	GlobalSection(SolutionProperties) = preSolution
		HideSolutionNode = FALSE
	EndGlobalSection
	GlobalSection(ExtensibilityGlobals) = postSolution
		SolutionGuid = {BF0B7369-C5A0-45F3-816C-260CFFE767A0}
	EndGlobalSection
EndGlobal
